{
  "name": "p1",
  "version": "1.0.0",
  "lockfileVersion": 2,
  "requires": true,
  "packages": {
    "": {
      "name": "p1",
      "version": "1.0.0",
      "license": "ISC",
      "dependencies": {
        "@miniprogram-component-plus/sticky": "^1.0.1",
        "weui-miniprogram": "^1.2.7"
      }
    },
    "node_modules/@miniprogram-component-plus/sticky": {
      "version": "1.0.1",
      "resolved": "https://registry.npmmirror.com/@miniprogram-component-plus/sticky/-/sticky-1.0.1.tgz",
      "integrity": "sha512-HYZ/PCm8KjUSQYwMLG61bhHBKU8s9aDx5Tl2BvruAku8bvEbyd8A3Povpb9V6lPPvsD/oXp2R7/GmgsCgDuI4g=="
    },
    "node_modules/weui-miniprogram": {
      "version": "1.2.7",
      "resolved": "https://registry.npmmirror.com/weui-miniprogram/-/weui-miniprogram-1.2.7.tgz",
      "integrity": "sha512-KuoMzfwqw8x0jdURJc3NnsHziNOw11e6EJsW4mkROIH6QQjorMEhwAxj6aFZuPRnGZLFFFIz2TATxlUYxqoh0Q=="
    }
  },
  "dependencies": {
    "@miniprogram-component-plus/sticky": {
      "version": "1.0.1",
      "resolved": "https://registry.npmmirror.com/@miniprogram-component-plus/sticky/-/sticky-1.0.1.tgz",
      "integrity": "sha512-HYZ/PCm8KjUSQYwMLG61bhHBKU8s9aDx5Tl2BvruAku8bvEbyd8A3Povpb9V6lPPvsD/oXp2R7/GmgsCgDuI4g=="
    },
    "weui-miniprogram": {
      "version": "1.2.7",
      "resolved": "https://registry.npmmirror.com/weui-miniprogram/-/weui-miniprogram-1.2.7.tgz",
      "integrity": "sha512-KuoMzfwqw8x0jdURJc3NnsHziNOw11e6EJsW4mkROIH6QQjorMEhwAxj6aFZuPRnGZLFFFIz2TATxlUYxqoh0Q=="
    }
  }
}
